// !$*UTF8*$!
{
	archiveVersion = 1;
	classes = {
	};
	objectVersion = 56;
	objects = {

/* Begin PBXBuildFile section */
		0487CDC12EB8FE1C0063F6B3 /* MaasAppApp.swift in Sources */ = {isa = PBXBuildFile; fileRef = 0487CDC02EB8FE1C0063F6B3 /* MaasAppApp.swift */; };
		0487CDC52EB8FE1E0063F6B3 /* Assets.xcassets in Resources */ = {isa = PBXBuildFile; fileRef = 0487CDC42EB8FE1E0063F6B3 /* Assets.xcassets */; };
		0487CDC82EB8FE1E0063F6B3 /* Preview Assets.xcassets in Resources */ = {isa = PBXBuildFile; fileRef = 0487CDC72EB8FE1E0063F6B3 /* Preview Assets.xcassets */; };
		0487CDDC2EB8FE1E0063F6B3 /* MaasAppUITests.swift in Sources */ = {isa = PBXBuildFile; fileRef = 0487CDDB2EB8FE1E0063F6B3 /* MaasAppUITests.swift */; };
		0487CDDE2EB8FE1E0063F6B3 /* MaasAppUITestsLaunchTests.swift in Sources */ = {isa = PBXBuildFile; fileRef = 0487CDDD2EB8FE1E0063F6B3 /* MaasAppUITestsLaunchTests.swift */; };
		0487CDED2EB93CB20063F6B3 /* CardValidationService.swift in Sources */ = {isa = PBXBuildFile; fileRef = 0487CDEC2EB93CB20063F6B3 /* CardValidationService.swift */; };
		0487CDF32EB961430063F6B3 /* CardProfileService.swift in Sources */ = {isa = PBXBuildFile; fileRef = 0487CDF22EB961430063F6B3 /* CardProfileService.swift */; };
		0487CDF62EB964F80063F6B3 /* CardStorage.swift in Sources */ = {isa = PBXBuildFile; fileRef = 0487CDF52EB964F80063F6B3 /* CardStorage.swift */; };
		0487CDF92EB96AB80063F6B3 /* HomeView.swift in Sources */ = {isa = PBXBuildFile; fileRef = 0487CDF82EB96AB80063F6B3 /* HomeView.swift */; };
		0487CDFC2EBAEC850063F6B3 /* CardProfileView.swift in Sources */ = {isa = PBXBuildFile; fileRef = 0487CDFB2EBAEC850063F6B3 /* CardProfileView.swift */; };
		0487CE022EBB08530063F6B3 /* HomeViewModel.swift in Sources */ = {isa = PBXBuildFile; fileRef = 0487CE012EBB08530063F6B3 /* HomeViewModel.swift */; };
		0487CE072EBB15FA0063F6B3 /* CardView.swift in Sources */ = {isa = PBXBuildFile; fileRef = 0487CE062EBB15FA0063F6B3 /* CardView.swift */; };
		0487CE092EBB16950063F6B3 /* AlertView.swift in Sources */ = {isa = PBXBuildFile; fileRef = 0487CE082EBB16950063F6B3 /* AlertView.swift */; };
		0487CE0B2EBB175B0063F6B3 /* CardValidationServiceInterface.swift in Sources */ = {isa = PBXBuildFile; fileRef = 0487CE0A2EBB175B0063F6B3 /* CardValidationServiceInterface.swift */; };
		0487CE0D2EBB1A400063F6B3 /* FloatingButton.swift in Sources */ = {isa = PBXBuildFile; fileRef = 0487CE0C2EBB1A400063F6B3 /* FloatingButton.swift */; };
		0487CE102EBB29820063F6B3 /* CardProfileViewModel.swift in Sources */ = {isa = PBXBuildFile; fileRef = 0487CE0F2EBB29820063F6B3 /* CardProfileViewModel.swift */; };
		0487CE122EBB29A50063F6B3 /* HomeViewModelInterface.swift in Sources */ = {isa = PBXBuildFile; fileRef = 0487CE112EBB29A50063F6B3 /* HomeViewModelInterface.swift */; };
		0487CE152EBB2A0C0063F6B3 /* CardProfileViewModelInterface.swift in Sources */ = {isa = PBXBuildFile; fileRef = 0487CE142EBB2A0C0063F6B3 /* CardProfileViewModelInterface.swift */; };
		04957C6D2EBC173C00625F56 /* CardProfileServiceInterface.swift in Sources */ = {isa = PBXBuildFile; fileRef = 04957C6C2EBC173C00625F56 /* CardProfileServiceInterface.swift */; };
		04957C712EBC282000625F56 /* TransportMapModels.swift in Sources */ = {isa = PBXBuildFile; fileRef = 04957C702EBC282000625F56 /* TransportMapModels.swift */; };
		04957C742EBC286E00625F56 /* LocationManager.swift in Sources */ = {isa = PBXBuildFile; fileRef = 04957C732EBC286E00625F56 /* LocationManager.swift */; };
		04957C772EBC28D100625F56 /* TransportMapViewModel.swift in Sources */ = {isa = PBXBuildFile; fileRef = 04957C762EBC28D100625F56 /* TransportMapViewModel.swift */; };
		04957C7A2EBC28F500625F56 /* TransportMapService.swift in Sources */ = {isa = PBXBuildFile; fileRef = 04957C792EBC28F500625F56 /* TransportMapService.swift */; };
		04957C7D2EBC292E00625F56 /* TransportMapView.swift in Sources */ = {isa = PBXBuildFile; fileRef = 04957C7C2EBC292E00625F56 /* TransportMapView.swift */; };
		04957C7F2EBC296500625F56 /* StopsListView.swift in Sources */ = {isa = PBXBuildFile; fileRef = 04957C7E2EBC296500625F56 /* StopsListView.swift */; };
		04957C862EBD246F00625F56 /* CardProfileTest.swift in Sources */ = {isa = PBXBuildFile; fileRef = 04957C852EBD246F00625F56 /* CardProfileTest.swift */; };
		04957C882EBD248F00625F56 /* HomeTest.swift in Sources */ = {isa = PBXBuildFile; fileRef = 04957C872EBD248F00625F56 /* HomeTest.swift */; };
		04957C8A2EBD24A000625F56 /* TransportMapTest.swift in Sources */ = {isa = PBXBuildFile; fileRef = 04957C892EBD24A000625F56 /* TransportMapTest.swift */; };
		04957C8F2EBD41F600625F56 /* Card.swift in Sources */ = {isa = PBXBuildFile; fileRef = 04957C8E2EBD41F600625F56 /* Card.swift */; };
		04957C922EBD421900625F56 /* Models.swift in Sources */ = {isa = PBXBuildFile; fileRef = 04957C912EBD421900625F56 /* Models.swift */; };
		04957C952EBD433200625F56 /* Endpoints.swift in Sources */ = {isa = PBXBuildFile; fileRef = 04957C942EBD433200625F56 /* Endpoints.swift */; };
		04957C982EBD5A3F00625F56 /* TransportMapServiceInterface.swift in Sources */ = {isa = PBXBuildFile; fileRef = 04957C972EBD5A3F00625F56 /* TransportMapServiceInterface.swift */; };
/* End PBXBuildFile section */

/* Begin PBXContainerItemProxy section */
		0487CDCE2EB8FE1E0063F6B3 /* PBXContainerItemProxy */ = {
			isa = PBXContainerItemProxy;
			containerPortal = 0487CDB52EB8FE1C0063F6B3 /* Project object */;
			proxyType = 1;
			remoteGlobalIDString = 0487CDBC2EB8FE1C0063F6B3;
			remoteInfo = MaasApp;
		};
		0487CDD82EB8FE1E0063F6B3 /* PBXContainerItemProxy */ = {
			isa = PBXContainerItemProxy;
			containerPortal = 0487CDB52EB8FE1C0063F6B3 /* Project object */;
			proxyType = 1;
			remoteGlobalIDString = 0487CDBC2EB8FE1C0063F6B3;
			remoteInfo = MaasApp;
		};
/* End PBXContainerItemProxy section */

/* Begin PBXFileReference section */
		0487CDBD2EB8FE1C0063F6B3 /* MaasApp.app */ = {isa = PBXFileReference; explicitFileType = wrapper.application; includeInIndex = 0; path = MaasApp.app; sourceTree = BUILT_PRODUCTS_DIR; };
		0487CDC02EB8FE1C0063F6B3 /* MaasAppApp.swift */ = {isa = PBXFileReference; lastKnownFileType = sourcecode.swift; path = MaasAppApp.swift; sourceTree = "<group>"; };
		0487CDC42EB8FE1E0063F6B3 /* Assets.xcassets */ = {isa = PBXFileReference; lastKnownFileType = folder.assetcatalog; path = Assets.xcassets; sourceTree = "<group>"; };
		0487CDC72EB8FE1E0063F6B3 /* Preview Assets.xcassets */ = {isa = PBXFileReference; lastKnownFileType = folder.assetcatalog; path = "Preview Assets.xcassets"; sourceTree = "<group>"; };
		0487CDCD2EB8FE1E0063F6B3 /* MaasAppTests.xctest */ = {isa = PBXFileReference; explicitFileType = wrapper.cfbundle; includeInIndex = 0; path = MaasAppTests.xctest; sourceTree = BUILT_PRODUCTS_DIR; };
		0487CDD72EB8FE1E0063F6B3 /* MaasAppUITests.xctest */ = {isa = PBXFileReference; explicitFileType = wrapper.cfbundle; includeInIndex = 0; path = MaasAppUITests.xctest; sourceTree = BUILT_PRODUCTS_DIR; };
		0487CDDB2EB8FE1E0063F6B3 /* MaasAppUITests.swift */ = {isa = PBXFileReference; lastKnownFileType = sourcecode.swift; path = MaasAppUITests.swift; sourceTree = "<group>"; };
		0487CDDD2EB8FE1E0063F6B3 /* MaasAppUITestsLaunchTests.swift */ = {isa = PBXFileReference; lastKnownFileType = sourcecode.swift; path = MaasAppUITestsLaunchTests.swift; sourceTree = "<group>"; };
		0487CDEC2EB93CB20063F6B3 /* CardValidationService.swift */ = {isa = PBXFileReference; lastKnownFileType = sourcecode.swift; path = CardValidationService.swift; sourceTree = "<group>"; };
		0487CDF22EB961430063F6B3 /* CardProfileService.swift */ = {isa = PBXFileReference; lastKnownFileType = sourcecode.swift; path = CardProfileService.swift; sourceTree = "<group>"; };
		0487CDF52EB964F80063F6B3 /* CardStorage.swift */ = {isa = PBXFileReference; lastKnownFileType = sourcecode.swift; path = CardStorage.swift; sourceTree = "<group>"; };
		0487CDF82EB96AB80063F6B3 /* HomeView.swift */ = {isa = PBXFileReference; lastKnownFileType = sourcecode.swift; path = HomeView.swift; sourceTree = "<group>"; };
		0487CDFB2EBAEC850063F6B3 /* CardProfileView.swift */ = {isa = PBXFileReference; lastKnownFileType = sourcecode.swift; path = CardProfileView.swift; sourceTree = "<group>"; };
		0487CE012EBB08530063F6B3 /* HomeViewModel.swift */ = {isa = PBXFileReference; lastKnownFileType = sourcecode.swift; path = HomeViewModel.swift; sourceTree = "<group>"; };
		0487CE062EBB15FA0063F6B3 /* CardView.swift */ = {isa = PBXFileReference; lastKnownFileType = sourcecode.swift; path = CardView.swift; sourceTree = "<group>"; };
		0487CE082EBB16950063F6B3 /* AlertView.swift */ = {isa = PBXFileReference; lastKnownFileType = sourcecode.swift; path = AlertView.swift; sourceTree = "<group>"; };
		0487CE0A2EBB175B0063F6B3 /* CardValidationServiceInterface.swift */ = {isa = PBXFileReference; lastKnownFileType = sourcecode.swift; path = CardValidationServiceInterface.swift; sourceTree = "<group>"; };
		0487CE0C2EBB1A400063F6B3 /* FloatingButton.swift */ = {isa = PBXFileReference; lastKnownFileType = sourcecode.swift; path = FloatingButton.swift; sourceTree = "<group>"; };
		0487CE0F2EBB29820063F6B3 /* CardProfileViewModel.swift */ = {isa = PBXFileReference; lastKnownFileType = sourcecode.swift; path = CardProfileViewModel.swift; sourceTree = "<group>"; };
		0487CE112EBB29A50063F6B3 /* HomeViewModelInterface.swift */ = {isa = PBXFileReference; lastKnownFileType = sourcecode.swift; path = HomeViewModelInterface.swift; sourceTree = "<group>"; };
		0487CE142EBB2A0C0063F6B3 /* CardProfileViewModelInterface.swift */ = {isa = PBXFileReference; lastKnownFileType = sourcecode.swift; path = CardProfileViewModelInterface.swift; sourceTree = "<group>"; };
		04957C6C2EBC173C00625F56 /* CardProfileServiceInterface.swift */ = {isa = PBXFileReference; lastKnownFileType = sourcecode.swift; path = CardProfileServiceInterface.swift; sourceTree = "<group>"; };
		04957C702EBC282000625F56 /* TransportMapModels.swift */ = {isa = PBXFileReference; lastKnownFileType = sourcecode.swift; path = TransportMapModels.swift; sourceTree = "<group>"; };
		04957C732EBC286E00625F56 /* LocationManager.swift */ = {isa = PBXFileReference; lastKnownFileType = sourcecode.swift; path = LocationManager.swift; sourceTree = "<group>"; };
		04957C762EBC28D100625F56 /* TransportMapViewModel.swift */ = {isa = PBXFileReference; lastKnownFileType = sourcecode.swift; path = TransportMapViewModel.swift; sourceTree = "<group>"; };
		04957C792EBC28F500625F56 /* TransportMapService.swift */ = {isa = PBXFileReference; lastKnownFileType = sourcecode.swift; path = TransportMapService.swift; sourceTree = "<group>"; };
		04957C7C2EBC292E00625F56 /* TransportMapView.swift */ = {isa = PBXFileReference; lastKnownFileType = sourcecode.swift; path = TransportMapView.swift; sourceTree = "<group>"; };
		04957C7E2EBC296500625F56 /* StopsListView.swift */ = {isa = PBXFileReference; lastKnownFileType = sourcecode.swift; path = StopsListView.swift; sourceTree = "<group>"; };
		04957C802EBC531400625F56 /* Info.plist */ = {isa = PBXFileReference; lastKnownFileType = text.plist; path = Info.plist; sourceTree = "<group>"; };
		04957C812EBD07EC00625F56 /* Secrets.xcconfig */ = {isa = PBXFileReference; lastKnownFileType = text.xcconfig; path = Secrets.xcconfig; sourceTree = "<group>"; };
		04957C852EBD246F00625F56 /* CardProfileTest.swift */ = {isa = PBXFileReference; lastKnownFileType = sourcecode.swift; path = CardProfileTest.swift; sourceTree = "<group>"; };
		04957C872EBD248F00625F56 /* HomeTest.swift */ = {isa = PBXFileReference; lastKnownFileType = sourcecode.swift; path = HomeTest.swift; sourceTree = "<group>"; };
		04957C892EBD24A000625F56 /* TransportMapTest.swift */ = {isa = PBXFileReference; lastKnownFileType = sourcecode.swift; path = TransportMapTest.swift; sourceTree = "<group>"; };
		04957C8E2EBD41F600625F56 /* Card.swift */ = {isa = PBXFileReference; lastKnownFileType = sourcecode.swift; path = Card.swift; sourceTree = "<group>"; };
		04957C912EBD421900625F56 /* Models.swift */ = {isa = PBXFileReference; lastKnownFileType = sourcecode.swift; path = Models.swift; sourceTree = "<group>"; };
		04957C942EBD433200625F56 /* Endpoints.swift */ = {isa = PBXFileReference; lastKnownFileType = sourcecode.swift; path = Endpoints.swift; sourceTree = "<group>"; };
		04957C972EBD5A3F00625F56 /* TransportMapServiceInterface.swift */ = {isa = PBXFileReference; lastKnownFileType = sourcecode.swift; path = TransportMapServiceInterface.swift; sourceTree = "<group>"; };
/* End PBXFileReference section */

/* Begin PBXFrameworksBuildPhase section */
		0487CDBA2EB8FE1C0063F6B3 /* Frameworks */ = {
			isa = PBXFrameworksBuildPhase;
			buildActionMask = 2147483647;
			files = (
			);
			runOnlyForDeploymentPostprocessing = 0;
		};
		0487CDCA2EB8FE1E0063F6B3 /* Frameworks */ = {
			isa = PBXFrameworksBuildPhase;
			buildActionMask = 2147483647;
			files = (
			);
			runOnlyForDeploymentPostprocessing = 0;
		};
		0487CDD42EB8FE1E0063F6B3 /* Frameworks */ = {
			isa = PBXFrameworksBuildPhase;
			buildActionMask = 2147483647;
			files = (
			);
			runOnlyForDeploymentPostprocessing = 0;
		};
/* End PBXFrameworksBuildPhase section */

/* Begin PBXGroup section */
		0487CDB42EB8FE1C0063F6B3 = {
			isa = PBXGroup;
			children = (
				04957C812EBD07EC00625F56 /* Secrets.xcconfig */,
				0487CDBF2EB8FE1C0063F6B3 /* MaasApp */,
				0487CDD02EB8FE1E0063F6B3 /* MaasAppTests */,
				0487CDDA2EB8FE1E0063F6B3 /* MaasAppUITests */,
				0487CDBE2EB8FE1C0063F6B3 /* Products */,
			);
			sourceTree = "<group>";
		};
		0487CDBE2EB8FE1C0063F6B3 /* Products */ = {
			isa = PBXGroup;
			children = (
				0487CDBD2EB8FE1C0063F6B3 /* MaasApp.app */,
				0487CDCD2EB8FE1E0063F6B3 /* MaasAppTests.xctest */,
				0487CDD72EB8FE1E0063F6B3 /* MaasAppUITests.xctest */,
			);
			name = Products;
			sourceTree = "<group>";
		};
		0487CDBF2EB8FE1C0063F6B3 /* MaasApp */ = {
			isa = PBXGroup;
			children = (
				04957C802EBC531400625F56 /* Info.plist */,
				04957C6E2EBC27D000625F56 /* TransportMap */,
				0487CDF02EB9610B0063F6B3 /* CardProfile */,
				0487CDEA2EB9393C0063F6B3 /* Home */,
				0487CE032EBB15D00063F6B3 /* Core */,
				0487CDC02EB8FE1C0063F6B3 /* MaasAppApp.swift */,
				0487CDC42EB8FE1E0063F6B3 /* Assets.xcassets */,
				0487CDC62EB8FE1E0063F6B3 /* Preview Content */,
			);
			path = MaasApp;
			sourceTree = "<group>";
		};
		0487CDC62EB8FE1E0063F6B3 /* Preview Content */ = {
			isa = PBXGroup;
			children = (
				0487CDC72EB8FE1E0063F6B3 /* Preview Assets.xcassets */,
			);
			path = "Preview Content";
			sourceTree = "<group>";
		};
		0487CDD02EB8FE1E0063F6B3 /* MaasAppTests */ = {
			isa = PBXGroup;
			children = (
				04957C842EBD243100625F56 /* CardProfile */,
				04957C832EBD242C00625F56 /* Home */,
				04957C822EBD241D00625F56 /* TransportMap */,
			);
			path = MaasAppTests;
			sourceTree = "<group>";
		};
		0487CDDA2EB8FE1E0063F6B3 /* MaasAppUITests */ = {
			isa = PBXGroup;
			children = (
				0487CDDB2EB8FE1E0063F6B3 /* MaasAppUITests.swift */,
				0487CDDD2EB8FE1E0063F6B3 /* MaasAppUITestsLaunchTests.swift */,
			);
			path = MaasAppUITests;
			sourceTree = "<group>";
		};
		0487CDEA2EB9393C0063F6B3 /* Home */ = {
			isa = PBXGroup;
			children = (
				04957C8D2EBD41E600625F56 /* Model */,
				0487CE002EBB083B0063F6B3 /* ViewModel */,
				0487CDF72EB967DC0063F6B3 /* View */,
				0487CDEB2EB93C5D0063F6B3 /* Service */,
				0487CDF42EB961730063F6B3 /* Interface */,
			);
			path = Home;
			sourceTree = "<group>";
		};
		0487CDEB2EB93C5D0063F6B3 /* Service */ = {
			isa = PBXGroup;
			children = (
				0487CDEC2EB93CB20063F6B3 /* CardValidationService.swift */,
			);
			path = Service;
			sourceTree = "<group>";
		};
		0487CDF02EB9610B0063F6B3 /* CardProfile */ = {
			isa = PBXGroup;
			children = (
				04957C902EBD420D00625F56 /* Model */,
				0487CE132EBB29E30063F6B3 /* Interface */,
				0487CE0E2EBB29680063F6B3 /* ViewModel */,
				0487CDFA2EBAEC6E0063F6B3 /* View */,
				0487CDF12EB961220063F6B3 /* Service */,
			);
			path = CardProfile;
			sourceTree = "<group>";
		};
		0487CDF12EB961220063F6B3 /* Service */ = {
			isa = PBXGroup;
			children = (
				0487CDF22EB961430063F6B3 /* CardProfileService.swift */,
			);
			path = Service;
			sourceTree = "<group>";
		};
		0487CDF42EB961730063F6B3 /* Interface */ = {
			isa = PBXGroup;
			children = (
				0487CE0A2EBB175B0063F6B3 /* CardValidationServiceInterface.swift */,
				0487CE112EBB29A50063F6B3 /* HomeViewModelInterface.swift */,
			);
			path = Interface;
			sourceTree = "<group>";
		};
		0487CDF72EB967DC0063F6B3 /* View */ = {
			isa = PBXGroup;
			children = (
				0487CDF82EB96AB80063F6B3 /* HomeView.swift */,
			);
			path = View;
			sourceTree = "<group>";
		};
		0487CDFA2EBAEC6E0063F6B3 /* View */ = {
			isa = PBXGroup;
			children = (
				0487CDFB2EBAEC850063F6B3 /* CardProfileView.swift */,
			);
			path = View;
			sourceTree = "<group>";
		};
		0487CE002EBB083B0063F6B3 /* ViewModel */ = {
			isa = PBXGroup;
			children = (
				0487CE012EBB08530063F6B3 /* HomeViewModel.swift */,
			);
			path = ViewModel;
			sourceTree = "<group>";
		};
		0487CE032EBB15D00063F6B3 /* Core */ = {
			isa = PBXGroup;
			children = (
				04957C932EBD432100625F56 /* Resources */,
				04957C8C2EBD2FA800625F56 /* Storage */,
				0487CE042EBB15D80063F6B3 /* Components */,
			);
			path = Core;
			sourceTree = "<group>";
		};
		0487CE042EBB15D80063F6B3 /* Components */ = {
			isa = PBXGroup;
			children = (
				0487CE052EBB15EC0063F6B3 /* Views */,
			);
			path = Components;
			sourceTree = "<group>";
		};
		0487CE052EBB15EC0063F6B3 /* Views */ = {
			isa = PBXGroup;
			children = (
				0487CE0C2EBB1A400063F6B3 /* FloatingButton.swift */,
				0487CE062EBB15FA0063F6B3 /* CardView.swift */,
				0487CE082EBB16950063F6B3 /* AlertView.swift */,
			);
			path = Views;
			sourceTree = "<group>";
		};
		0487CE0E2EBB29680063F6B3 /* ViewModel */ = {
			isa = PBXGroup;
			children = (
				0487CE0F2EBB29820063F6B3 /* CardProfileViewModel.swift */,
			);
			path = ViewModel;
			sourceTree = "<group>";
		};
		0487CE132EBB29E30063F6B3 /* Interface */ = {
			isa = PBXGroup;
			children = (
				0487CE142EBB2A0C0063F6B3 /* CardProfileViewModelInterface.swift */,
				04957C6C2EBC173C00625F56 /* CardProfileServiceInterface.swift */,
			);
			path = Interface;
			sourceTree = "<group>";
		};
		04957C6E2EBC27D000625F56 /* TransportMap */ = {
			isa = PBXGroup;
			children = (
				04957C962EBD5A1F00625F56 /* Interface */,
				04957C7B2EBC291200625F56 /* View */,
				04957C782EBC28E300625F56 /* Service */,
				04957C752EBC28B400625F56 /* ViewModel */,
				04957C722EBC285A00625F56 /* Manager */,
				04957C6F2EBC280200625F56 /* Models */,
			);
			path = TransportMap;
			sourceTree = "<group>";
		};
		04957C6F2EBC280200625F56 /* Models */ = {
			isa = PBXGroup;
			children = (
				04957C702EBC282000625F56 /* TransportMapModels.swift */,
			);
			path = Models;
			sourceTree = "<group>";
		};
		04957C722EBC285A00625F56 /* Manager */ = {
			isa = PBXGroup;
			children = (
				04957C732EBC286E00625F56 /* LocationManager.swift */,
			);
			path = Manager;
			sourceTree = "<group>";
		};
		04957C752EBC28B400625F56 /* ViewModel */ = {
			isa = PBXGroup;
			children = (
				04957C762EBC28D100625F56 /* TransportMapViewModel.swift */,
			);
			path = ViewModel;
			sourceTree = "<group>";
		};
		04957C782EBC28E300625F56 /* Service */ = {
			isa = PBXGroup;
			children = (
				04957C792EBC28F500625F56 /* TransportMapService.swift */,
			);
			path = Service;
			sourceTree = "<group>";
		};
		04957C7B2EBC291200625F56 /* View */ = {
			isa = PBXGroup;
			children = (
				04957C7C2EBC292E00625F56 /* TransportMapView.swift */,
				04957C7E2EBC296500625F56 /* StopsListView.swift */,
			);
			path = View;
			sourceTree = "<group>";
		};
		04957C822EBD241D00625F56 /* TransportMap */ = {
			isa = PBXGroup;
			children = (
				04957C892EBD24A000625F56 /* TransportMapTest.swift */,
			);
			path = TransportMap;
			sourceTree = "<group>";
		};
		04957C832EBD242C00625F56 /* Home */ = {
			isa = PBXGroup;
			children = (
				04957C872EBD248F00625F56 /* HomeTest.swift */,
			);
			path = Home;
			sourceTree = "<group>";
		};
		04957C842EBD243100625F56 /* CardProfile */ = {
			isa = PBXGroup;
			children = (
				04957C852EBD246F00625F56 /* CardProfileTest.swift */,
			);
			path = CardProfile;
			sourceTree = "<group>";
		};
		04957C8C2EBD2FA800625F56 /* Storage */ = {
			isa = PBXGroup;
			children = (
				0487CDF52EB964F80063F6B3 /* CardStorage.swift */,
			);
			path = Storage;
			sourceTree = "<group>";
		};
		04957C8D2EBD41E600625F56 /* Model */ = {
			isa = PBXGroup;
			children = (
				04957C8E2EBD41F600625F56 /* Card.swift */,
			);
			path = Model;
			sourceTree = "<group>";
		};
		04957C902EBD420D00625F56 /* Model */ = {
			isa = PBXGroup;
			children = (
				04957C912EBD421900625F56 /* Models.swift */,
			);
			path = Model;
			sourceTree = "<group>";
		};
		04957C932EBD432100625F56 /* Resources */ = {
			isa = PBXGroup;
			children = (
				04957C942EBD433200625F56 /* Endpoints.swift */,
			);
			path = Resources;
			sourceTree = "<group>";
		};
		04957C962EBD5A1F00625F56 /* Interface */ = {
			isa = PBXGroup;
			children = (
				04957C972EBD5A3F00625F56 /* TransportMapServiceInterface.swift */,
			);
			path = Interface;
			sourceTree = "<group>";
		};
/* End PBXGroup section */

/* Begin PBXNativeTarget section */
		0487CDBC2EB8FE1C0063F6B3 /* MaasApp */ = {
			isa = PBXNativeTarget;
			buildConfigurationList = 0487CDE12EB8FE1E0063F6B3 /* Build configuration list for PBXNativeTarget "MaasApp" */;
			buildPhases = (
				0487CDB92EB8FE1C0063F6B3 /* Sources */,
				0487CDBA2EB8FE1C0063F6B3 /* Frameworks */,
				0487CDBB2EB8FE1C0063F6B3 /* Resources */,
			);
			buildRules = (
			);
			dependencies = (
			);
			name = MaasApp;
			productName = MaasApp;
			productReference = 0487CDBD2EB8FE1C0063F6B3 /* MaasApp.app */;
			productType = "com.apple.product-type.application";
		};
		0487CDCC2EB8FE1E0063F6B3 /* MaasAppTests */ = {
			isa = PBXNativeTarget;
			buildConfigurationList = 0487CDE42EB8FE1E0063F6B3 /* Build configuration list for PBXNativeTarget "MaasAppTests" */;
			buildPhases = (
				0487CDC92EB8FE1E0063F6B3 /* Sources */,
				0487CDCA2EB8FE1E0063F6B3 /* Frameworks */,
				0487CDCB2EB8FE1E0063F6B3 /* Resources */,
			);
			buildRules = (
			);
			dependencies = (
				0487CDCF2EB8FE1E0063F6B3 /* PBXTargetDependency */,
			);
			name = MaasAppTests;
			productName = MaasAppTests;
			productReference = 0487CDCD2EB8FE1E0063F6B3 /* MaasAppTests.xctest */;
			productType = "com.apple.product-type.bundle.unit-test";
		};
		0487CDD62EB8FE1E0063F6B3 /* MaasAppUITests */ = {
			isa = PBXNativeTarget;
			buildConfigurationList = 0487CDE72EB8FE1E0063F6B3 /* Build configuration list for PBXNativeTarget "MaasAppUITests" */;
			buildPhases = (
				0487CDD32EB8FE1E0063F6B3 /* Sources */,
				0487CDD42EB8FE1E0063F6B3 /* Frameworks */,
				0487CDD52EB8FE1E0063F6B3 /* Resources */,
			);
			buildRules = (
			);
			dependencies = (
				0487CDD92EB8FE1E0063F6B3 /* PBXTargetDependency */,
			);
			name = MaasAppUITests;
			productName = MaasAppUITests;
			productReference = 0487CDD72EB8FE1E0063F6B3 /* MaasAppUITests.xctest */;
			productType = "com.apple.product-type.bundle.ui-testing";
		};
/* End PBXNativeTarget section */

/* Begin PBXProject section */
		0487CDB52EB8FE1C0063F6B3 /* Project object */ = {
			isa = PBXProject;
			attributes = {
				BuildIndependentTargetsInParallel = 1;
				LastSwiftUpdateCheck = 1520;
				LastUpgradeCheck = 1520;
				TargetAttributes = {
					0487CDBC2EB8FE1C0063F6B3 = {
						CreatedOnToolsVersion = 15.2;
					};
					0487CDCC2EB8FE1E0063F6B3 = {
						CreatedOnToolsVersion = 15.2;
						TestTargetID = 0487CDBC2EB8FE1C0063F6B3;
					};
					0487CDD62EB8FE1E0063F6B3 = {
						CreatedOnToolsVersion = 15.2;
						TestTargetID = 0487CDBC2EB8FE1C0063F6B3;
					};
				};
			};
			buildConfigurationList = 0487CDB82EB8FE1C0063F6B3 /* Build configuration list for PBXProject "MaasApp" */;
			compatibilityVersion = "Xcode 14.0";
			developmentRegion = en;
			hasScannedForEncodings = 0;
			knownRegions = (
				en,
				Base,
			);
			mainGroup = 0487CDB42EB8FE1C0063F6B3;
			productRefGroup = 0487CDBE2EB8FE1C0063F6B3 /* Products */;
			projectDirPath = "";
			projectRoot = "";
			targets = (
				0487CDBC2EB8FE1C0063F6B3 /* MaasApp */,
				0487CDCC2EB8FE1E0063F6B3 /* MaasAppTests */,
				0487CDD62EB8FE1E0063F6B3 /* MaasAppUITests */,
			);
		};
/* End PBXProject section */

/* Begin PBXResourcesBuildPhase section */
		0487CDBB2EB8FE1C0063F6B3 /* Resources */ = {
			isa = PBXResourcesBuildPhase;
			buildActionMask = 2147483647;
			files = (
				0487CDC82EB8FE1E0063F6B3 /* Preview Assets.xcassets in Resources */,
				0487CDC52EB8FE1E0063F6B3 /* Assets.xcassets in Resources */,
			);
			runOnlyForDeploymentPostprocessing = 0;
		};
		0487CDCB2EB8FE1E0063F6B3 /* Resources */ = {
			isa = PBXResourcesBuildPhase;
			buildActionMask = 2147483647;
			files = (
			);
			runOnlyForDeploymentPostprocessing = 0;
		};
		0487CDD52EB8FE1E0063F6B3 /* Resources */ = {
			isa = PBXResourcesBuildPhase;
			buildActionMask = 2147483647;
			files = (
			);
			runOnlyForDeploymentPostprocessing = 0;
		};
/* End PBXResourcesBuildPhase section */

/* Begin PBXSourcesBuildPhase section */
		0487CDB92EB8FE1C0063F6B3 /* Sources */ = {
			isa = PBXSourcesBuildPhase;
			buildActionMask = 2147483647;
			files = (
				04957C772EBC28D100625F56 /* TransportMapViewModel.swift in Sources */,
				04957C712EBC282000625F56 /* TransportMapModels.swift in Sources */,
				04957C982EBD5A3F00625F56 /* TransportMapServiceInterface.swift in Sources */,
				0487CE122EBB29A50063F6B3 /* HomeViewModelInterface.swift in Sources */,
				0487CDF92EB96AB80063F6B3 /* HomeView.swift in Sources */,
				0487CE022EBB08530063F6B3 /* HomeViewModel.swift in Sources */,
				0487CE102EBB29820063F6B3 /* CardProfileViewModel.swift in Sources */,
				04957C8F2EBD41F600625F56 /* Card.swift in Sources */,
				0487CE152EBB2A0C0063F6B3 /* CardProfileViewModelInterface.swift in Sources */,
				0487CE0D2EBB1A400063F6B3 /* FloatingButton.swift in Sources */,
				0487CDF62EB964F80063F6B3 /* CardStorage.swift in Sources */,
				04957C6D2EBC173C00625F56 /* CardProfileServiceInterface.swift in Sources */,
				0487CE092EBB16950063F6B3 /* AlertView.swift in Sources */,
				0487CDED2EB93CB20063F6B3 /* CardValidationService.swift in Sources */,
				0487CDC12EB8FE1C0063F6B3 /* MaasAppApp.swift in Sources */,
				0487CDF32EB961430063F6B3 /* CardProfileService.swift in Sources */,
				04957C952EBD433200625F56 /* Endpoints.swift in Sources */,
				04957C7A2EBC28F500625F56 /* TransportMapService.swift in Sources */,
				0487CDFC2EBAEC850063F6B3 /* CardProfileView.swift in Sources */,
				04957C7F2EBC296500625F56 /* StopsListView.swift in Sources */,
				0487CE072EBB15FA0063F6B3 /* CardView.swift in Sources */,
				0487CE0B2EBB175B0063F6B3 /* CardValidationServiceInterface.swift in Sources */,
				04957C742EBC286E00625F56 /* LocationManager.swift in Sources */,
				04957C7D2EBC292E00625F56 /* TransportMapView.swift in Sources */,
				04957C922EBD421900625F56 /* Models.swift in Sources */,
			);
			runOnlyForDeploymentPostprocessing = 0;
		};
		0487CDC92EB8FE1E0063F6B3 /* Sources */ = {
			isa = PBXSourcesBuildPhase;
			buildActionMask = 2147483647;
			files = (
				04957C8A2EBD24A000625F56 /* TransportMapTest.swift in Sources */,
				04957C882EBD248F00625F56 /* HomeTest.swift in Sources */,
				04957C862EBD246F00625F56 /* CardProfileTest.swift in Sources */,
			);
			runOnlyForDeploymentPostprocessing = 0;
		};
		0487CDD32EB8FE1E0063F6B3 /* Sources */ = {
			isa = PBXSourcesBuildPhase;
			buildActionMask = 2147483647;
			files = (
				0487CDDE2EB8FE1E0063F6B3 /* MaasAppUITestsLaunchTests.swift in Sources */,
				0487CDDC2EB8FE1E0063F6B3 /* MaasAppUITests.swift in Sources */,
			);
			runOnlyForDeploymentPostprocessing = 0;
		};
/* End PBXSourcesBuildPhase section */

/* Begin PBXTargetDependency section */
		0487CDCF2EB8FE1E0063F6B3 /* PBXTargetDependency */ = {
			isa = PBXTargetDependency;
			target = 0487CDBC2EB8FE1C0063F6B3 /* MaasApp */;
			targetProxy = 0487CDCE2EB8FE1E0063F6B3 /* PBXContainerItemProxy */;
		};
		0487CDD92EB8FE1E0063F6B3 /* PBXTargetDependency */ = {
			isa = PBXTargetDependency;
			target = 0487CDBC2EB8FE1C0063F6B3 /* MaasApp */;
			targetProxy = 0487CDD82EB8FE1E0063F6B3 /* PBXContainerItemProxy */;
		};
/* End PBXTargetDependency section */

/* Begin XCBuildConfiguration section */
		0487CDDF2EB8FE1E0063F6B3 /* Debug */ = {
			isa = XCBuildConfiguration;
			baseConfigurationReference = 04957C812EBD07EC00625F56 /* Secrets.xcconfig */;
			buildSettings = {
				ALWAYS_SEARCH_USER_PATHS = NO;
				ASSETCATALOG_COMPILER_GENERATE_SWIFT_ASSET_SYMBOL_EXTENSIONS = YES;
				CLANG_ANALYZER_NONNULL = YES;
				CLANG_ANALYZER_NUMBER_OBJECT_CONVERSION = YES_AGGRESSIVE;
				CLANG_CXX_LANGUAGE_STANDARD = "gnu++20";
				CLANG_ENABLE_MODULES = YES;
				CLANG_ENABLE_OBJC_ARC = YES;
				CLANG_ENABLE_OBJC_WEAK = YES;
				CLANG_WARN_BLOCK_CAPTURE_AUTORELEASING = YES;
				CLANG_WARN_BOOL_CONVERSION = YES;
				CLANG_WARN_COMMA = YES;
				CLANG_WARN_CONSTANT_CONVERSION = YES;
				CLANG_WARN_DEPRECATED_OBJC_IMPLEMENTATIONS = YES;
				CLANG_WARN_DIRECT_OBJC_ISA_USAGE = YES_ERROR;
				CLANG_WARN_DOCUMENTATION_COMMENTS = YES;
				CLANG_WARN_EMPTY_BODY = YES;
				CLANG_WARN_ENUM_CONVERSION = YES;
				CLANG_WARN_INFINITE_RECURSION = YES;
				CLANG_WARN_INT_CONVERSION = YES;
				CLANG_WARN_NON_LITERAL_NULL_CONVERSION = YES;
				CLANG_WARN_OBJC_IMPLICIT_RETAIN_SELF = YES;
				CLANG_WARN_OBJC_LITERAL_CONVERSION = YES;
				CLANG_WARN_OBJC_ROOT_CLASS = YES_ERROR;
				CLANG_WARN_QUOTED_INCLUDE_IN_FRAMEWORK_HEADER = YES;
				CLANG_WARN_RANGE_LOOP_ANALYSIS = YES;
				CLANG_WARN_STRICT_PROTOTYPES = YES;
				CLANG_WARN_SUSPICIOUS_MOVE = YES;
				CLANG_WARN_UNGUARDED_AVAILABILITY = YES_AGGRESSIVE;
				CLANG_WARN_UNREACHABLE_CODE = YES;
				CLANG_WARN__DUPLICATE_METHOD_MATCH = YES;
				COPY_PHASE_STRIP = NO;
				DEBUG_INFORMATION_FORMAT = dwarf;
				ENABLE_STRICT_OBJC_MSGSEND = YES;
				ENABLE_TESTABILITY = YES;
				ENABLE_USER_SCRIPT_SANDBOXING = YES;
				GCC_C_LANGUAGE_STANDARD = gnu17;
				GCC_DYNAMIC_NO_PIC = NO;
				GCC_NO_COMMON_BLOCKS = YES;
				GCC_OPTIMIZATION_LEVEL = 0;
				GCC_PREPROCESSOR_DEFINITIONS = (
					"DEBUG=1",
					"$(inherited)",
				);
				GCC_WARN_64_TO_32_BIT_CONVERSION = YES;
				GCC_WARN_ABOUT_RETURN_TYPE = YES_ERROR;
				GCC_WARN_UNDECLARED_SELECTOR = YES;
				GCC_WARN_UNINITIALIZED_AUTOS = YES_AGGRESSIVE;
				GCC_WARN_UNUSED_FUNCTION = YES;
				GCC_WARN_UNUSED_VARIABLE = YES;
				IPHONEOS_DEPLOYMENT_TARGET = 17.2;
				LOCALIZATION_PREFERS_STRING_CATALOGS = YES;
				MTL_ENABLE_DEBUG_INFO = INCLUDE_SOURCE;
				MTL_FAST_MATH = YES;
				ONLY_ACTIVE_ARCH = YES;
				SDKROOT = iphoneos;
				SWIFT_ACTIVE_COMPILATION_CONDITIONS = "DEBUG $(inherited)";
				SWIFT_OPTIMIZATION_LEVEL = "-Onone";
			};
			name = Debug;
		};
		0487CDE02EB8FE1E0063F6B3 /* Release */ = {
			isa = XCBuildConfiguration;
			baseConfigurationReference = 04957C812EBD07EC00625F56 /* Secrets.xcconfig */;
			buildSettings = {
				ALWAYS_SEARCH_USER_PATHS = NO;
				ASSETCATALOG_COMPILER_GENERATE_SWIFT_ASSET_SYMBOL_EXTENSIONS = YES;
				CLANG_ANALYZER_NONNULL = YES;
				CLANG_ANALYZER_NUMBER_OBJECT_CONVERSION = YES_AGGRESSIVE;
				CLANG_CXX_LANGUAGE_STANDARD = "gnu++20";
				CLANG_ENABLE_MODULES = YES;
				CLANG_ENABLE_OBJC_ARC = YES;
				CLANG_ENABLE_OBJC_WEAK = YES;
				CLANG_WARN_BLOCK_CAPTURE_AUTORELEASING = YES;
				CLANG_WARN_BOOL_CONVERSION = YES;
				CLANG_WARN_COMMA = YES;
				CLANG_WARN_CONSTANT_CONVERSION = YES;
				CLANG_WARN_DEPRECATED_OBJC_IMPLEMENTATIONS = YES;
				CLANG_WARN_DIRECT_OBJC_ISA_USAGE = YES_ERROR;
				CLANG_WARN_DOCUMENTATION_COMMENTS = YES;
				CLANG_WARN_EMPTY_BODY = YES;
				CLANG_WARN_ENUM_CONVERSION = YES;
				CLANG_WARN_INFINITE_RECURSION = YES;
				CLANG_WARN_INT_CONVERSION = YES;
				CLANG_WARN_NON_LITERAL_NULL_CONVERSION = YES;
				CLANG_WARN_OBJC_IMPLICIT_RETAIN_SELF = YES;
				CLANG_WARN_OBJC_LITERAL_CONVERSION = YES;
				CLANG_WARN_OBJC_ROOT_CLASS = YES_ERROR;
				CLANG_WARN_QUOTED_INCLUDE_IN_FRAMEWORK_HEADER = YES;
				CLANG_WARN_RANGE_LOOP_ANALYSIS = YES;
				CLANG_WARN_STRICT_PROTOTYPES = YES;
				CLANG_WARN_SUSPICIOUS_MOVE = YES;
				CLANG_WARN_UNGUARDED_AVAILABILITY = YES_AGGRESSIVE;
				CLANG_WARN_UNREACHABLE_CODE = YES;
				CLANG_WARN__DUPLICATE_METHOD_MATCH = YES;
				COPY_PHASE_STRIP = NO;
				DEBUG_INFORMATION_FORMAT = "dwarf-with-dsym";
				ENABLE_NS_ASSERTIONS = NO;
				ENABLE_STRICT_OBJC_MSGSEND = YES;
				ENABLE_USER_SCRIPT_SANDBOXING = YES;
				GCC_C_LANGUAGE_STANDARD = gnu17;
				GCC_NO_COMMON_BLOCKS = YES;
				GCC_WARN_64_TO_32_BIT_CONVERSION = YES;
				GCC_WARN_ABOUT_RETURN_TYPE = YES_ERROR;
				GCC_WARN_UNDECLARED_SELECTOR = YES;
				GCC_WARN_UNINITIALIZED_AUTOS = YES_AGGRESSIVE;
				GCC_WARN_UNUSED_FUNCTION = YES;
				GCC_WARN_UNUSED_VARIABLE = YES;
				IPHONEOS_DEPLOYMENT_TARGET = 17.2;
				LOCALIZATION_PREFERS_STRING_CATALOGS = YES;
				MTL_ENABLE_DEBUG_INFO = NO;
				MTL_FAST_MATH = YES;
				SDKROOT = iphoneos;
				SWIFT_COMPILATION_MODE = wholemodule;
				VALIDATE_PRODUCT = YES;
			};
			name = Release;
		};
		0487CDE22EB8FE1E0063F6B3 /* Debug */ = {
			isa = XCBuildConfiguration;
			baseConfigurationReference = 04957C812EBD07EC00625F56 /* Secrets.xcconfig */;
			buildSettings = {
				ASSETCATALOG_COMPILER_APPICON_NAME = AppIcon;
				ASSETCATALOG_COMPILER_GLOBAL_ACCENT_COLOR_NAME = AccentColor;
				CODE_SIGN_STYLE = Automatic;
				CURRENT_PROJECT_VERSION = 1;
				DEVELOPMENT_ASSET_PATHS = "\"MaasApp/Preview Content\"";
				DEVELOPMENT_TEAM = U275656J6V;
				ENABLE_PREVIEWS = YES;
				GENERATE_INFOPLIST_FILE = YES;
				INFOPLIST_FILE = MaasApp/Info.plist;
				INFOPLIST_KEY_NSLocationWhenInUseUsageDescription = "Necesitamos tu ubicación para mostrar los paraderos cercanos.";
				INFOPLIST_KEY_UIApplicationSceneManifest_Generation = YES;
				INFOPLIST_KEY_UIApplicationSupportsIndirectInputEvents = YES;
				INFOPLIST_KEY_UILaunchScreen_Generation = YES;
				INFOPLIST_KEY_UISupportedInterfaceOrientations_iPad = "UIInterfaceOrientationPortrait UIInterfaceOrientationPortraitUpsideDown UIInterfaceOrientationLandscapeLeft UIInterfaceOrientationLandscapeRight";
				INFOPLIST_KEY_UISupportedInterfaceOrientations_iPhone = "UIInterfaceOrientationPortrait UIInterfaceOrientationLandscapeLeft UIInterfaceOrientationLandscapeRight";
				LD_RUNPATH_SEARCH_PATHS = (
					"$(inherited)",
					"@executable_path/Frameworks",
				);
				MARKETING_VERSION = 1.0;
				PRODUCT_BUNDLE_IDENTIFIER = com.MyApp.MaasApp;
				PRODUCT_NAME = "$(TARGET_NAME)";
				SWIFT_EMIT_LOC_STRINGS = YES;
				SWIFT_VERSION = 5.0;
				TARGETED_DEVICE_FAMILY = "1,2";
			};
			name = Debug;
		};
		0487CDE32EB8FE1E0063F6B3 /* Release */ = {
			isa = XCBuildConfiguration;
			baseConfigurationReference = 04957C812EBD07EC00625F56 /* Secrets.xcconfig */;
			buildSettings = {
				ASSETCATALOG_COMPILER_APPICON_NAME = AppIcon;
				ASSETCATALOG_COMPILER_GLOBAL_ACCENT_COLOR_NAME = AccentColor;
				CODE_SIGN_STYLE = Automatic;
				CURRENT_PROJECT_VERSION = 1;
				DEVELOPMENT_ASSET_PATHS = "\"MaasApp/Preview Content\"";
				DEVELOPMENT_TEAM = U275656J6V;
				ENABLE_PREVIEWS = YES;
				GENERATE_INFOPLIST_FILE = YES;
				INFOPLIST_FILE = MaasApp/Info.plist;
				INFOPLIST_KEY_NSLocationWhenInUseUsageDescription = "Necesitamos tu ubicación para mostrar los paraderos cercanos.";
				INFOPLIST_KEY_UIApplicationSceneManifest_Generation = YES;
				INFOPLIST_KEY_UIApplicationSupportsIndirectInputEvents = YES;
				INFOPLIST_KEY_UILaunchScreen_Generation = YES;
				INFOPLIST_KEY_UISupportedInterfaceOrientations_iPad = "UIInterfaceOrientationPortrait UIInterfaceOrientationPortraitUpsideDown UIInterfaceOrientationLandscapeLeft UIInterfaceOrientationLandscapeRight";
				INFOPLIST_KEY_UISupportedInterfaceOrientations_iPhone = "UIInterfaceOrientationPortrait UIInterfaceOrientationLandscapeLeft UIInterfaceOrientationLandscapeRight";
				LD_RUNPATH_SEARCH_PATHS = (
					"$(inherited)",
					"@executable_path/Frameworks",
				);
				MARKETING_VERSION = 1.0;
				PRODUCT_BUNDLE_IDENTIFIER = com.MyApp.MaasApp;
				PRODUCT_NAME = "$(TARGET_NAME)";
				SWIFT_EMIT_LOC_STRINGS = YES;
				SWIFT_VERSION = 5.0;
				TARGETED_DEVICE_FAMILY = "1,2";
			};
			name = Release;
		};
		0487CDE52EB8FE1E0063F6B3 /* Debug */ = {
			isa = XCBuildConfiguration;
			baseConfigurationReference = 04957C812EBD07EC00625F56 /* Secrets.xcconfig */;
			buildSettings = {
				ALWAYS_EMBED_SWIFT_STANDARD_LIBRARIES = YES;
				BUNDLE_LOADER = "$(TEST_HOST)";
				CODE_SIGN_STYLE = Automatic;
				CURRENT_PROJECT_VERSION = 1;
				DEVELOPMENT_TEAM = U275656J6V;
				GENERATE_INFOPLIST_FILE = YES;
				IPHONEOS_DEPLOYMENT_TARGET = 17.2;
				MARKETING_VERSION = 1.0;
				PRODUCT_BUNDLE_IDENTIFIER = com.MyApp.MaasAppTests;
				PRODUCT_NAME = "$(TARGET_NAME)";
				SWIFT_EMIT_LOC_STRINGS = NO;
				SWIFT_VERSION = 5.0;
				TARGETED_DEVICE_FAMILY = "1,2";
				TEST_HOST = "$(BUILT_PRODUCTS_DIR)/MaasApp.app/$(BUNDLE_EXECUTABLE_FOLDER_PATH)/MaasApp";
			};
			name = Debug;
		};
		0487CDE62EB8FE1E0063F6B3 /* Release */ = {
			isa = XCBuildConfiguration;
			baseConfigurationReference = 04957C812EBD07EC00625F56 /* Secrets.xcconfig */;
			buildSettings = {
				ALWAYS_EMBED_SWIFT_STANDARD_LIBRARIES = YES;
				BUNDLE_LOADER = "$(TEST_HOST)";
				CODE_SIGN_STYLE = Automatic;
				CURRENT_PROJECT_VERSION = 1;
				DEVELOPMENT_TEAM = U275656J6V;
				GENERATE_INFOPLIST_FILE = YES;
				IPHONEOS_DEPLOYMENT_TARGET = 17.2;
				MARKETING_VERSION = 1.0;
				PRODUCT_BUNDLE_IDENTIFIER = com.MyApp.MaasAppTests;
				PRODUCT_NAME = "$(TARGET_NAME)";
				SWIFT_EMIT_LOC_STRINGS = NO;
				SWIFT_VERSION = 5.0;
				TARGETED_DEVICE_FAMILY = "1,2";
				TEST_HOST = "$(BUILT_PRODUCTS_DIR)/MaasApp.app/$(BUNDLE_EXECUTABLE_FOLDER_PATH)/MaasApp";
			};
			name = Release;
		};
		0487CDE82EB8FE1E0063F6B3 /* Debug */ = {
			isa = XCBuildConfiguration;
			baseConfigurationReference = 04957C812EBD07EC00625F56 /* Secrets.xcconfig */;
			buildSettings = {
				ALWAYS_EMBED_SWIFT_STANDARD_LIBRARIES = YES;
				CODE_SIGN_STYLE = Automatic;
				CURRENT_PROJECT_VERSION = 1;
				DEVELOPMENT_TEAM = U275656J6V;
				GENERATE_INFOPLIST_FILE = YES;
				MARKETING_VERSION = 1.0;
				PRODUCT_BUNDLE_IDENTIFIER = com.MyApp.MaasAppUITests;
				PRODUCT_NAME = "$(TARGET_NAME)";
				SWIFT_EMIT_LOC_STRINGS = NO;
				SWIFT_VERSION = 5.0;
				TARGETED_DEVICE_FAMILY = "1,2";
				TEST_TARGET_NAME = MaasApp;
			};
			name = Debug;
		};
		0487CDE92EB8FE1E0063F6B3 /* Release */ = {
			isa = XCBuildConfiguration;
			baseConfigurationReference = 04957C812EBD07EC00625F56 /* Secrets.xcconfig */;
			buildSettings = {
				ALWAYS_EMBED_SWIFT_STANDARD_LIBRARIES = YES;
				CODE_SIGN_STYLE = Automatic;
				CURRENT_PROJECT_VERSION = 1;
				DEVELOPMENT_TEAM = U275656J6V;
				GENERATE_INFOPLIST_FILE = YES;
				MARKETING_VERSION = 1.0;
				PRODUCT_BUNDLE_IDENTIFIER = com.MyApp.MaasAppUITests;
				PRODUCT_NAME = "$(TARGET_NAME)";
				SWIFT_EMIT_LOC_STRINGS = NO;
				SWIFT_VERSION = 5.0;
				TARGETED_DEVICE_FAMILY = "1,2";
				TEST_TARGET_NAME = MaasApp;
			};
			name = Release;
		};
/* End XCBuildConfiguration section */

/* Begin XCConfigurationList section */
		0487CDB82EB8FE1C0063F6B3 /* Build configuration list for PBXProject "MaasApp" */ = {
			isa = XCConfigurationList;
			buildConfigurations = (
				0487CDDF2EB8FE1E0063F6B3 /* Debug */,
				0487CDE02EB8FE1E0063F6B3 /* Release */,
			);
			defaultConfigurationIsVisible = 0;
			defaultConfigurationName = Release;
		};
		0487CDE12EB8FE1E0063F6B3 /* Build configuration list for PBXNativeTarget "MaasApp" */ = {
			isa = XCConfigurationList;
			buildConfigurations = (
				0487CDE22EB8FE1E0063F6B3 /* Debug */,
				0487CDE32EB8FE1E0063F6B3 /* Release */,
			);
			defaultConfigurationIsVisible = 0;
			defaultConfigurationName = Release;
		};
		0487CDE42EB8FE1E0063F6B3 /* Build configuration list for PBXNativeTarget "MaasAppTests" */ = {
			isa = XCConfigurationList;
			buildConfigurations = (
				0487CDE52EB8FE1E0063F6B3 /* Debug */,
				0487CDE62EB8FE1E0063F6B3 /* Release */,
			);
			defaultConfigurationIsVisible = 0;
			defaultConfigurationName = Release;
		};
		0487CDE72EB8FE1E0063F6B3 /* Build configuration list for PBXNativeTarget "MaasAppUITests" */ = {
			isa = XCConfigurationList;
			buildConfigurations = (
				0487CDE82EB8FE1E0063F6B3 /* Debug */,
				0487CDE92EB8FE1E0063F6B3 /* Release */,
			);
			defaultConfigurationIsVisible = 0;
			defaultConfigurationName = Release;
		};
/* End XCConfigurationList section */
	};
	rootObject = 0487CDB52EB8FE1C0063F6B3 /* Project object */;
}
